
Microsoft Visual Studio Solution File, Format Version 12.00
# Visual Studio Version 17
VisualStudioVersion = 17.3.32505.426
MinimumVisualStudioVersion = 10.0.40219.1
Project("{9A19103F-16F7-4668-BE54-9A1E7A4F7556}") = "DolittleScaffolding", "Dolittle.Scaffolding\Dolittle.Scaffolding.csproj", "{228399F6-CA6A-4043-9EF7-9FF78266D055}"
EndProject
Project("{FAE04EC0-301F-11D3-BF4B-00C04F79EFBC}") = "Dolittle.Scaffolding.Tests", "Dolittle.Scaffolding.Tests\Dolittle.Scaffolding.Tests.csproj", "{7C929CE0-7B48-4C93-BC82-69735D60D8AF}"
EndProject
Global
	GlobalSection(SolutionConfigurationPlatforms) = preSolution
		Debug|Any CPU = Debug|Any CPU
		Release|Any CPU = Release|Any CPU
	EndGlobalSection
	GlobalSection(ProjectConfigurationPlatforms) = postSolution
		{228399F6-CA6A-4043-9EF7-9FF78266D055}.Debug|Any CPU.ActiveCfg = Debug|Any CPU
		{228399F6-CA6A-4043-9EF7-9FF78266D055}.Debug|Any CPU.Build.0 = Debug|Any CPU
		{228399F6-CA6A-4043-9EF7-9FF78266D055}.Release|Any CPU.ActiveCfg = Release|Any CPU
		{228399F6-CA6A-4043-9EF7-9FF78266D055}.Release|Any CPU.Build.0 = Release|Any CPU
		{7C929CE0-7B48-4C93-BC82-69735D60D8AF}.Debug|Any CPU.ActiveCfg = Debug|Any CPU
		{7C929CE0-7B48-4C93-BC82-69735D60D8AF}.Debug|Any CPU.Build.0 = Debug|Any CPU
		{7C929CE0-7B48-4C93-BC82-69735D60D8AF}.Release|Any CPU.ActiveCfg = Release|Any CPU
		{7C929CE0-7B48-4C93-BC82-69735D60D8AF}.Release|Any CPU.Build.0 = Release|Any CPU
	EndGlobalSection
	GlobalSection(SolutionProperties) = preSolution
		HideSolutionNode = FALSE
	EndGlobalSection
	GlobalSection(ExtensibilityGlobals) = postSolution
		SolutionGuid = {DEDB4C70-A2FA-4E74-8F24-BA37B2469A0A}
	EndGlobalSection
EndGlobal
