
Microsoft Visual Studio Solution File, Format Version 12.00
# Visual Studio Version 17
VisualStudioVersion = 17.3.32505.426
MinimumVisualStudioVersion = 10.0.40219.1
Project("{9A19103F-16F7-4668-BE54-9A1E7A4F7556}") = "Dolittle.FilePackaging", "Dolittle.FilePackaging.csproj", "{15998026-01F3-440D-A318-CE81EDB1791F}"
EndProject
Global
	GlobalSection(SolutionConfigurationPlatforms) = preSolution
		Debug|Any CPU = Debug|Any CPU
		Release|Any CPU = Release|Any CPU
	EndGlobalSection
	GlobalSection(ProjectConfigurationPlatforms) = postSolution
		{15998026-01F3-440D-A318-CE81EDB1791F}.Debug|Any CPU.ActiveCfg = Debug|Any CPU
		{15998026-01F3-440D-A318-CE81EDB1791F}.Debug|Any CPU.Build.0 = Debug|Any CPU
		{15998026-01F3-440D-A318-CE81EDB1791F}.Release|Any CPU.ActiveCfg = Release|Any CPU
		{15998026-01F3-440D-A318-CE81EDB1791F}.Release|Any CPU.Build.0 = Release|Any CPU
	EndGlobalSection
	GlobalSection(SolutionProperties) = preSolution
		HideSolutionNode = FALSE
	EndGlobalSection
	GlobalSection(ExtensibilityGlobals) = postSolution
		SolutionGuid = {DEDB4C70-A2FA-4E74-8F24-BA37B2469A0A}
	EndGlobalSection
EndGlobal
